
Microsoft Visual Studio Solution File, Format Version 12.00
# Visual Studio 15
VisualStudioVersion = 15.0.28307.271
MinimumVisualStudioVersion = 10.0.40219.1
Project("{FAE04EC0-301F-11D3-BF4B-00C04F79EFBC}") = "OrderAPI", "OrderAPI\OrderAPI.csproj", "{0F093B51-C759-401B-9D24-6631E3E97C7F}"
EndProject
Project("{FAE04EC0-301F-11D3-BF4B-00C04F79EFBC}") = "Gateway", "Gateway\Gateway.csproj", "{FC692832-403D-42E8-BD04-E81308AD4641}"
EndProject
Project("{FAE04EC0-301F-11D3-BF4B-00C04F79EFBC}") = "ProductAPI", "ProductAPI\ProductAPI.csproj", "{C5BB92A4-BB27-4FB7-BBB1-551AC6A220A6}"
EndProject
Project("{FAE04EC0-301F-11D3-BF4B-00C04F79EFBC}") = "WebApp", "WebApp\WebApp.csproj", "{48F1FF7E-F33C-403B-9B89-5B111188E3E0}"
EndProject
Project("{E53339B2-1760-4266-BCC7-CA923CBCF16C}") = "docker-compose", "docker-compose.dcproj", "{5DFA319D-B27E-43E3-8286-EB56225590EE}"
EndProject
Global
	GlobalSection(SolutionConfigurationPlatforms) = preSolution
		Debug|Any CPU = Debug|Any CPU
		Release|Any CPU = Release|Any CPU
	EndGlobalSection
	GlobalSection(ProjectConfigurationPlatforms) = postSolution
		{0F093B51-C759-401B-9D24-6631E3E97C7F}.Debug|Any CPU.ActiveCfg = Debug|Any CPU
		{0F093B51-C759-401B-9D24-6631E3E97C7F}.Debug|Any CPU.Build.0 = Debug|Any CPU
		{0F093B51-C759-401B-9D24-6631E3E97C7F}.Release|Any CPU.ActiveCfg = Release|Any CPU
		{0F093B51-C759-401B-9D24-6631E3E97C7F}.Release|Any CPU.Build.0 = Release|Any CPU
		{FC692832-403D-42E8-BD04-E81308AD4641}.Debug|Any CPU.ActiveCfg = Debug|Any CPU
		{FC692832-403D-42E8-BD04-E81308AD4641}.Debug|Any CPU.Build.0 = Debug|Any CPU
		{FC692832-403D-42E8-BD04-E81308AD4641}.Release|Any CPU.ActiveCfg = Release|Any CPU
		{FC692832-403D-42E8-BD04-E81308AD4641}.Release|Any CPU.Build.0 = Release|Any CPU
		{C5BB92A4-BB27-4FB7-BBB1-551AC6A220A6}.Debug|Any CPU.ActiveCfg = Debug|Any CPU
		{C5BB92A4-BB27-4FB7-BBB1-551AC6A220A6}.Debug|Any CPU.Build.0 = Debug|Any CPU
		{C5BB92A4-BB27-4FB7-BBB1-551AC6A220A6}.Release|Any CPU.ActiveCfg = Release|Any CPU
		{C5BB92A4-BB27-4FB7-BBB1-551AC6A220A6}.Release|Any CPU.Build.0 = Release|Any CPU
		{48F1FF7E-F33C-403B-9B89-5B111188E3E0}.Debug|Any CPU.ActiveCfg = Debug|Any CPU
		{48F1FF7E-F33C-403B-9B89-5B111188E3E0}.Debug|Any CPU.Build.0 = Debug|Any CPU
		{48F1FF7E-F33C-403B-9B89-5B111188E3E0}.Release|Any CPU.ActiveCfg = Release|Any CPU
		{48F1FF7E-F33C-403B-9B89-5B111188E3E0}.Release|Any CPU.Build.0 = Release|Any CPU
		{5DFA319D-B27E-43E3-8286-EB56225590EE}.Debug|Any CPU.ActiveCfg = Debug|Any CPU
		{5DFA319D-B27E-43E3-8286-EB56225590EE}.Debug|Any CPU.Build.0 = Debug|Any CPU
		{5DFA319D-B27E-43E3-8286-EB56225590EE}.Release|Any CPU.ActiveCfg = Release|Any CPU
		{5DFA319D-B27E-43E3-8286-EB56225590EE}.Release|Any CPU.Build.0 = Release|Any CPU
	EndGlobalSection
	GlobalSection(SolutionProperties) = preSolution
		HideSolutionNode = FALSE
	EndGlobalSection
	GlobalSection(ExtensibilityGlobals) = postSolution
		SolutionGuid = {83165BD7-B444-4518-885F-B5889614B916}
	EndGlobalSection
EndGlobal
